PODS:
  - Alamofire (3.1.5)
  - LoremIpsum (1.0.0)
  - SlackTextViewController (1.9)

DEPENDENCIES:
  - Alamofire (~> 3.0)
  - LoremIpsum (~> 1.0)
  - SlackTextViewController

SPEC CHECKSUMS:
  Alamofire: 5f730ba29fd113b7ddd71c1e65d0c630acf5d7b0
  LoremIpsum: 9029c55d36501b2ee0b05cc9ecda11d3a0479160
  SlackTextViewController: d51503f7be846cb9976a273499dc90f2445e9447

COCOAPODS: 0.39.0
